
Microsoft Visual Studio Solution File, Format Version 12.00
# Visual Studio Version 16
VisualStudioVersion = 16.0.29001.49
MinimumVisualStudioVersion = 10.0.40219.1
Project("{FAE04EC0-301F-11D3-BF4B-00C04F79EFBC}") = "CRUD_Razor_2_1", "CRUD_Razor_2_1\CRUD_Razor_2_1.csproj", "{36F3B190-6AB8-4ADC-ADFC-B3EC0811D96B}"
EndProject
Global
	GlobalSection(SolutionConfigurationPlatforms) = preSolution
		Debug|Any CPU = Debug|Any CPU
		Release|Any CPU = Release|Any CPU
	EndGlobalSection
	GlobalSection(ProjectConfigurationPlatforms) = postSolution
		{36F3B190-6AB8-4ADC-ADFC-B3EC0811D96B}.Debug|Any CPU.ActiveCfg = Debug|Any CPU
		{36F3B190-6AB8-4ADC-ADFC-B3EC0811D96B}.Debug|Any CPU.Build.0 = Debug|Any CPU
		{36F3B190-6AB8-4ADC-ADFC-B3EC0811D96B}.Release|Any CPU.ActiveCfg = Release|Any CPU
		{36F3B190-6AB8-4ADC-ADFC-B3EC0811D96B}.Release|Any CPU.Build.0 = Release|Any CPU
	EndGlobalSection
	GlobalSection(SolutionProperties) = preSolution
		HideSolutionNode = FALSE
	EndGlobalSection
	GlobalSection(ExtensibilityGlobals) = postSolution
		SolutionGuid = {FEA8CA6B-7AF9-4D42-A8E9-9C8688E85159}
	EndGlobalSection
EndGlobal
